// !$*UTF8*$!
{
	archiveVersion = 1;
	classes = {
	};
	objectVersion = 55;
	objects = {

/* Begin PBXBuildFile section */
		89934CB32AC49B9D0016B0F0 /* SearchPodcast.swift in Sources */ = {isa = PBXBuildFile; fileRef = 89934CB22AC49B9D0016B0F0 /* SearchPodcast.swift */; };
		89934CB52AC49BDE0016B0F0 /* Feed.swift in Sources */ = {isa = PBXBuildFile; fileRef = 89934CB42AC49BDE0016B0F0 /* Feed.swift */; };
		89934CB72AC49D4A0016B0F0 /* Episode.swift in Sources */ = {isa = PBXBuildFile; fileRef = 89934CB62AC49D4A0016B0F0 /* Episode.swift */; };
		0F15838A2AC4CEC800EF3A45 /* LoginViewController.swift in Sources */ = {isa = PBXBuildFile; fileRef = 0F1583892AC4CEC800EF3A45 /* LoginViewController.swift */; };
		0F15838C2AC6E73C00EF3A45 /* RegisterViewController.swift in Sources */ = {isa = PBXBuildFile; fileRef = 0F15838B2AC6E73C00EF3A45 /* RegisterViewController.swift */; };
		0F15838E2AC6EB8900EF3A45 /* CustomTextField.swift in Sources */ = {isa = PBXBuildFile; fileRef = 0F15838D2AC6EB8800EF3A45 /* CustomTextField.swift */; };
		0F1583922AC71F7B00EF3A45 /* CompleteAccountViewController.swift in Sources */ = {isa = PBXBuildFile; fileRef = 0F1583912AC71F7B00EF3A45 /* CompleteAccountViewController.swift */; };
		372E60112AC415E50078FFB3 /* OnboardingScreens.swift in Sources */ = {isa = PBXBuildFile; fileRef = 372E60102AC415E50078FFB3 /* OnboardingScreens.swift */; };
		372E60132AC416750078FFB3 /* OnboardingViewController.swift in Sources */ = {isa = PBXBuildFile; fileRef = 372E60122AC416750078FFB3 /* OnboardingViewController.swift */; };
		6809845E2AC9EAC700BC2563 /* HomeViewController.swift in Sources */ = {isa = PBXBuildFile; fileRef = 6809845D2AC9EAC700BC2563 /* HomeViewController.swift */; };
		680984602AC9EB7C00BC2563 /* HomeView.swift in Sources */ = {isa = PBXBuildFile; fileRef = 6809845F2AC9EB7B00BC2563 /* HomeView.swift */; };
		680984622AC9EBCE00BC2563 /* TitleView.swift in Sources */ = {isa = PBXBuildFile; fileRef = 680984612AC9EBCE00BC2563 /* TitleView.swift */; };
		680984642AC9EC2600BC2563 /* Product.swift in Sources */ = {isa = PBXBuildFile; fileRef = 680984632AC9EC2600BC2563 /* Product.swift */; };
		680984662AC9EE4700BC2563 /* CategoryCell.swift in Sources */ = {isa = PBXBuildFile; fileRef = 680984652AC9EE4700BC2563 /* CategoryCell.swift */; };
		680984682AC9EE6D00BC2563 /* TableCell.swift in Sources */ = {isa = PBXBuildFile; fileRef = 680984672AC9EE6D00BC2563 /* TableCell.swift */; };
		6809846A2AC9EF5E00BC2563 /* TypeCell.swift in Sources */ = {isa = PBXBuildFile; fileRef = 680984692AC9EF5E00BC2563 /* TypeCell.swift */; };
		6809846C2AC9EFF900BC2563 /* PodcastType.swift in Sources */ = {isa = PBXBuildFile; fileRef = 6809846B2AC9EFF900BC2563 /* PodcastType.swift */; };
		6809846E2AC9F12500BC2563 /* UIColor+Extention.swift in Sources */ = {isa = PBXBuildFile; fileRef = 6809846D2AC9F12500BC2563 /* UIColor+Extention.swift */; };
		680984702AC9F1A100BC2563 /* NSCollection+Extention.swift in Sources */ = {isa = PBXBuildFile; fileRef = 6809846F2AC9F1A100BC2563 /* NSCollection+Extention.swift */; };
		680984722AC9F1DF00BC2563 /* TitleSupplementaryView.swift in Sources */ = {isa = PBXBuildFile; fileRef = 680984712AC9F1DF00BC2563 /* TitleSupplementaryView.swift */; };
		6DA8BBEE2AC57012005C64DB /* CustomTabBarController.swift in Sources */ = {isa = PBXBuildFile; fileRef = 6DA8BBED2AC57012005C64DB /* CustomTabBarController.swift */; };
		6DA8BBF02AC5A749005C64DB /* SearchViewController.swift in Sources */ = {isa = PBXBuildFile; fileRef = 6DA8BBEF2AC5A749005C64DB /* SearchViewController.swift */; };
		6DA8BBF42AC6CD4F005C64DB /* CollectionViewCell.swift in Sources */ = {isa = PBXBuildFile; fileRef = 6DA8BBF32AC6CD4F005C64DB /* CollectionViewCell.swift */; };
		6DA8BBF62AC6F200005C64DB /* ResultViewController.swift in Sources */ = {isa = PBXBuildFile; fileRef = 6DA8BBF52AC6F200005C64DB /* ResultViewController.swift */; };
		6DA8BBF82AC7130D005C64DB /* TableViewCell.swift in Sources */ = {isa = PBXBuildFile; fileRef = 6DA8BBF72AC7130D005C64DB /* TableViewCell.swift */; };
		8909D1C02AC8396400B3A456 /* FavoriteViewController.swift in Sources */ = {isa = PBXBuildFile; fileRef = 8909D1BF2AC8396400B3A456 /* FavoriteViewController.swift */; };
		8909D1C22AC8401500B3A456 /* FavoriteTableViewCell.swift in Sources */ = {isa = PBXBuildFile; fileRef = 8909D1C12AC8401500B3A456 /* FavoriteTableViewCell.swift */; };
		8909D1D32AC8512400B3A456 /* LaunchScreen.storyboard in Resources */ = {isa = PBXBuildFile; fileRef = 89A31EC92ABF08500030EFFC /* LaunchScreen.storyboard */; };
		8909D1D42AC8512600B3A456 /* Assets.xcassets in Resources */ = {isa = PBXBuildFile; fileRef = 89A31EC72ABF08500030EFFC /* Assets.xcassets */; };
		8909D1D52AC8512900B3A456 /* Manrope-Regular.ttf in Resources */ = {isa = PBXBuildFile; fileRef = 89A31F472ABF1B8D0030EFFC /* Manrope-Regular.ttf */; };
		8909D1D62AC8512B00B3A456 /* Manrope-Bold.ttf in Resources */ = {isa = PBXBuildFile; fileRef = 89A31F4A2ABF1B8D0030EFFC /* Manrope-Bold.ttf */; };
		8909D1D82AC8552E00B3A456 /* NavigationViewController.swift in Sources */ = {isa = PBXBuildFile; fileRef = 8909D1D72AC8552E00B3A456 /* NavigationViewController.swift */; };
		8909D1DA2AC862DF00B3A456 /* ChannelViewController.swift in Sources */ = {isa = PBXBuildFile; fileRef = 8909D1D92AC862DF00B3A456 /* ChannelViewController.swift */; };
		8909D1DE2AC8884000B3A456 /* Globals.swift in Sources */ = {isa = PBXBuildFile; fileRef = 8909D1DD2AC8884000B3A456 /* Globals.swift */; };
		8909D1E02AC951A800B3A456 /* FavoriteCollectionViewCell.swift in Sources */ = {isa = PBXBuildFile; fileRef = 8909D1DF2AC951A800B3A456 /* FavoriteCollectionViewCell.swift */; };
		8909D1E22AC9648400B3A456 /* AddPlaylistTableViewCell.swift in Sources */ = {isa = PBXBuildFile; fileRef = 8909D1E12AC9648400B3A456 /* AddPlaylistTableViewCell.swift */; };
		8932BEF12AC59ACB00FBE9F9 /* AccountViewController.swift in Sources */ = {isa = PBXBuildFile; fileRef = 8932BEF02AC59ACB00FBE9F9 /* AccountViewController.swift */; };
		8932BEF32AC5A77F00FBE9F9 /* CustomAccountTextField.swift in Sources */ = {isa = PBXBuildFile; fileRef = 8932BEF22AC5A77F00FBE9F9 /* CustomAccountTextField.swift */; };
		8932BEF52AC5C01900FBE9F9 /* CustomButton.swift in Sources */ = {isa = PBXBuildFile; fileRef = 8932BEF42AC5C01900FBE9F9 /* CustomButton.swift */; };
		8932BEF72AC6C38800FBE9F9 /* PlayerViewController.swift in Sources */ = {isa = PBXBuildFile; fileRef = 8932BEF62AC6C38800FBE9F9 /* PlayerViewController.swift */; };
		8932BEF92AC6C78400FBE9F9 /* CustomPlayerButton.swift in Sources */ = {isa = PBXBuildFile; fileRef = 8932BEF82AC6C78400FBE9F9 /* CustomPlayerButton.swift */; };
		896777912AC709F5003A1BFC /* PlayerCell.swift in Sources */ = {isa = PBXBuildFile; fileRef = 896777902AC709F5003A1BFC /* PlayerCell.swift */; };
		89A31EBC2ABF084F0030EFFC /* AppDelegate.swift in Sources */ = {isa = PBXBuildFile; fileRef = 89A31EBB2ABF084F0030EFFC /* AppDelegate.swift */; };
		89A31EBE2ABF084F0030EFFC /* SceneDelegate.swift in Sources */ = {isa = PBXBuildFile; fileRef = 89A31EBD2ABF084F0030EFFC /* SceneDelegate.swift */; };
		89A31EC02ABF084F0030EFFC /* ViewController.swift in Sources */ = {isa = PBXBuildFile; fileRef = 89A31EBF2ABF084F0030EFFC /* ViewController.swift */; };
		89A31F3E2ABF0FE90030EFFC /* UIColor.swift in Sources */ = {isa = PBXBuildFile; fileRef = 89A31F3D2ABF0FE90030EFFC /* UIColor.swift */; };
		89A31F402ABF174D0030EFFC /* UIImage+Onboarding.swift in Sources */ = {isa = PBXBuildFile; fileRef = 89A31F3F2ABF174D0030EFFC /* UIImage+Onboarding.swift */; };
		89A31F422ABF1A450030EFFC /* UIFont+Manrope.swift in Sources */ = {isa = PBXBuildFile; fileRef = 89A31F412ABF1A450030EFFC /* UIFont+Manrope.swift */; };
		89A31F552ABF26930030EFFC /* UIImage+Icons.swift in Sources */ = {isa = PBXBuildFile; fileRef = 89A31F542ABF26930030EFFC /* UIImage+Icons.swift */; };
		89A31F582ABF30610030EFFC /* FirebaseAuth in Frameworks */ = {isa = PBXBuildFile; productRef = 89A31F572ABF30610030EFFC /* FirebaseAuth */; };
		89A31F752AC1663C0030EFFC /* Realm in Frameworks */ = {isa = PBXBuildFile; productRef = 89A31F742AC1663C0030EFFC /* Realm */; };
		89A31F772AC1663C0030EFFC /* RealmSwift in Frameworks */ = {isa = PBXBuildFile; productRef = 89A31F762AC1663C0030EFFC /* RealmSwift */; };
		89A31F7E2AC200820030EFFC /* Kingfisher in Frameworks */ = {isa = PBXBuildFile; productRef = 89A31F7D2AC200820030EFFC /* Kingfisher */; };
		89A31F802AC306CC0030EFFC /* Podcast.swift in Sources */ = {isa = PBXBuildFile; fileRef = 89A31F7F2AC306CC0030EFFC /* Podcast.swift */; };
		89A31F832AC307290030EFFC /* ViewModel.swift in Sources */ = {isa = PBXBuildFile; fileRef = 89A31F822AC307290030EFFC /* ViewModel.swift */; };
		89A31F852AC307370030EFFC /* NetworkManager.swift in Sources */ = {isa = PBXBuildFile; fileRef = 89A31F842AC307370030EFFC /* NetworkManager.swift */; };
		89A31F872AC307EC0030EFFC /* DataManager.swift in Sources */ = {isa = PBXBuildFile; fileRef = 89A31F862AC307EC0030EFFC /* DataManager.swift */; };
		89A31F892AC30F760030EFFC /* Item.swift in Sources */ = {isa = PBXBuildFile; fileRef = 89A31F882AC30F760030EFFC /* Item.swift */; };
/* End PBXBuildFile section */

/* Begin PBXFileReference section */
		89934CB22AC49B9D0016B0F0 /* SearchPodcast.swift */ = {isa = PBXFileReference; lastKnownFileType = sourcecode.swift; path = SearchPodcast.swift; sourceTree = "<group>"; };
		89934CB42AC49BDE0016B0F0 /* Feed.swift */ = {isa = PBXFileReference; lastKnownFileType = sourcecode.swift; path = Feed.swift; sourceTree = "<group>"; };
		89934CB62AC49D4A0016B0F0 /* Episode.swift */ = {isa = PBXFileReference; lastKnownFileType = sourcecode.swift; path = Episode.swift; sourceTree = "<group>"; };
		C8E4E7EA2AC43B7800903385 /* ProfileSetting.swift in Sources */ = {isa = PBXBuildFile; fileRef = C8E4E7E92AC43B7800903385 /* ProfileSetting.swift */; };
		C8E4E7EC2AC45CCF00903385 /* ProfileSettingViewController.swift in Sources */ = {isa = PBXBuildFile; fileRef = C8E4E7EB2AC45CCF00903385 /* ProfileSettingViewController.swift */; };
		C8E4E7EE2AC4661600903385 /* SettingsCell.swift in Sources */ = {isa = PBXBuildFile; fileRef = C8E4E7ED2AC4661600903385 /* SettingsCell.swift */; };
/* End PBXBuildFile section */

/* Begin PBXFileReference section */
		0F1583892AC4CEC800EF3A45 /* LoginViewController.swift */ = {isa = PBXFileReference; lastKnownFileType = sourcecode.swift; path = LoginViewController.swift; sourceTree = "<group>"; };
		0F15838B2AC6E73C00EF3A45 /* RegisterViewController.swift */ = {isa = PBXFileReference; lastKnownFileType = sourcecode.swift; name = RegisterViewController.swift; path = "Podcasts/View+Presenter/Register/RegisterViewController.swift"; sourceTree = SOURCE_ROOT; };
		0F15838D2AC6EB8800EF3A45 /* CustomTextField.swift */ = {isa = PBXFileReference; lastKnownFileType = sourcecode.swift; path = CustomTextField.swift; sourceTree = "<group>"; };
		0F1583912AC71F7B00EF3A45 /* CompleteAccountViewController.swift */ = {isa = PBXFileReference; lastKnownFileType = sourcecode.swift; path = CompleteAccountViewController.swift; sourceTree = "<group>"; };
		372E60102AC415E50078FFB3 /* OnboardingScreens.swift */ = {isa = PBXFileReference; lastKnownFileType = sourcecode.swift; path = OnboardingScreens.swift; sourceTree = "<group>"; };
		372E60122AC416750078FFB3 /* OnboardingViewController.swift */ = {isa = PBXFileReference; lastKnownFileType = sourcecode.swift; path = OnboardingViewController.swift; sourceTree = "<group>"; };
		6809845D2AC9EAC700BC2563 /* HomeViewController.swift */ = {isa = PBXFileReference; fileEncoding = 4; lastKnownFileType = sourcecode.swift; path = HomeViewController.swift; sourceTree = "<group>"; };
		6809845F2AC9EB7B00BC2563 /* HomeView.swift */ = {isa = PBXFileReference; lastKnownFileType = sourcecode.swift; path = HomeView.swift; sourceTree = "<group>"; };
		680984612AC9EBCE00BC2563 /* TitleView.swift */ = {isa = PBXFileReference; lastKnownFileType = sourcecode.swift; path = TitleView.swift; sourceTree = "<group>"; };
		680984632AC9EC2600BC2563 /* Product.swift */ = {isa = PBXFileReference; lastKnownFileType = sourcecode.swift; path = Product.swift; sourceTree = "<group>"; };
		680984652AC9EE4700BC2563 /* CategoryCell.swift */ = {isa = PBXFileReference; lastKnownFileType = sourcecode.swift; path = CategoryCell.swift; sourceTree = "<group>"; };
		680984672AC9EE6D00BC2563 /* TableCell.swift */ = {isa = PBXFileReference; lastKnownFileType = sourcecode.swift; path = TableCell.swift; sourceTree = "<group>"; };
		680984692AC9EF5E00BC2563 /* TypeCell.swift */ = {isa = PBXFileReference; lastKnownFileType = sourcecode.swift; path = TypeCell.swift; sourceTree = "<group>"; };
		6809846B2AC9EFF900BC2563 /* PodcastType.swift */ = {isa = PBXFileReference; lastKnownFileType = sourcecode.swift; path = PodcastType.swift; sourceTree = "<group>"; };
		6809846D2AC9F12500BC2563 /* UIColor+Extention.swift */ = {isa = PBXFileReference; lastKnownFileType = sourcecode.swift; path = "UIColor+Extention.swift"; sourceTree = "<group>"; };
		6809846F2AC9F1A100BC2563 /* NSCollection+Extention.swift */ = {isa = PBXFileReference; lastKnownFileType = sourcecode.swift; path = "NSCollection+Extention.swift"; sourceTree = "<group>"; };
		680984712AC9F1DF00BC2563 /* TitleSupplementaryView.swift */ = {isa = PBXFileReference; lastKnownFileType = sourcecode.swift; path = TitleSupplementaryView.swift; sourceTree = "<group>"; };
		6DA8BBED2AC57012005C64DB /* CustomTabBarController.swift */ = {isa = PBXFileReference; lastKnownFileType = sourcecode.swift; path = CustomTabBarController.swift; sourceTree = "<group>"; };
		6DA8BBEF2AC5A749005C64DB /* SearchViewController.swift */ = {isa = PBXFileReference; lastKnownFileType = sourcecode.swift; path = SearchViewController.swift; sourceTree = "<group>"; };
		6DA8BBF32AC6CD4F005C64DB /* CollectionViewCell.swift */ = {isa = PBXFileReference; lastKnownFileType = sourcecode.swift; path = CollectionViewCell.swift; sourceTree = "<group>"; };
		6DA8BBF52AC6F200005C64DB /* ResultViewController.swift */ = {isa = PBXFileReference; lastKnownFileType = sourcecode.swift; path = ResultViewController.swift; sourceTree = "<group>"; };
		6DA8BBF72AC7130D005C64DB /* TableViewCell.swift */ = {isa = PBXFileReference; lastKnownFileType = sourcecode.swift; path = TableViewCell.swift; sourceTree = "<group>"; };
		8909D1BF2AC8396400B3A456 /* FavoriteViewController.swift */ = {isa = PBXFileReference; lastKnownFileType = sourcecode.swift; name = FavoriteViewController.swift; path = Podcasts/FavoriteViewController.swift; sourceTree = SOURCE_ROOT; };
		8909D1C12AC8401500B3A456 /* FavoriteTableViewCell.swift */ = {isa = PBXFileReference; lastKnownFileType = sourcecode.swift; name = FavoriteTableViewCell.swift; path = Podcasts/FavoriteTableViewCell.swift; sourceTree = SOURCE_ROOT; };
		8909D1D72AC8552E00B3A456 /* NavigationViewController.swift */ = {isa = PBXFileReference; lastKnownFileType = sourcecode.swift; path = NavigationViewController.swift; sourceTree = "<group>"; };
		8909D1D92AC862DF00B3A456 /* ChannelViewController.swift */ = {isa = PBXFileReference; lastKnownFileType = sourcecode.swift; name = ChannelViewController.swift; path = "Podcasts/View+Presenter/ChannelViewController.swift"; sourceTree = SOURCE_ROOT; };
		8909D1DD2AC8884000B3A456 /* Globals.swift */ = {isa = PBXFileReference; lastKnownFileType = sourcecode.swift; path = Globals.swift; sourceTree = "<group>"; };
		8909D1DF2AC951A800B3A456 /* FavoriteCollectionViewCell.swift */ = {isa = PBXFileReference; lastKnownFileType = sourcecode.swift; name = FavoriteCollectionViewCell.swift; path = Podcasts/Support/Extensions/FavoriteCollectionViewCell.swift; sourceTree = SOURCE_ROOT; };
		8909D1E12AC9648400B3A456 /* AddPlaylistTableViewCell.swift */ = {isa = PBXFileReference; lastKnownFileType = sourcecode.swift; name = AddPlaylistTableViewCell.swift; path = Podcasts/Support/Extensions/AddPlaylistTableViewCell.swift; sourceTree = SOURCE_ROOT; };
		8932BEF02AC59ACB00FBE9F9 /* AccountViewController.swift */ = {isa = PBXFileReference; fileEncoding = 4; lastKnownFileType = sourcecode.swift; path = AccountViewController.swift; sourceTree = "<group>"; };
		8932BEF22AC5A77F00FBE9F9 /* CustomAccountTextField.swift */ = {isa = PBXFileReference; lastKnownFileType = sourcecode.swift; path = CustomAccountTextField.swift; sourceTree = "<group>"; };
		8932BEF42AC5C01900FBE9F9 /* CustomButton.swift */ = {isa = PBXFileReference; lastKnownFileType = sourcecode.swift; path = CustomButton.swift; sourceTree = "<group>"; };
		8932BEF62AC6C38800FBE9F9 /* PlayerViewController.swift */ = {isa = PBXFileReference; lastKnownFileType = sourcecode.swift; name = PlayerViewController.swift; path = "Podcasts/View+Presenter/PlayerViewController.swift"; sourceTree = SOURCE_ROOT; };
		8932BEF82AC6C78400FBE9F9 /* CustomPlayerButton.swift */ = {isa = PBXFileReference; lastKnownFileType = sourcecode.swift; name = CustomPlayerButton.swift; path = "Podcasts/View+Presenter/CustomPlayerButton.swift"; sourceTree = SOURCE_ROOT; };
		896777902AC709F5003A1BFC /* PlayerCell.swift */ = {isa = PBXFileReference; lastKnownFileType = sourcecode.swift; path = PlayerCell.swift; sourceTree = "<group>"; };
		89A31EB82ABF084F0030EFFC /* Podcasts.app */ = {isa = PBXFileReference; explicitFileType = wrapper.application; includeInIndex = 0; path = Podcasts.app; sourceTree = BUILT_PRODUCTS_DIR; };
		89A31EBB2ABF084F0030EFFC /* AppDelegate.swift */ = {isa = PBXFileReference; lastKnownFileType = sourcecode.swift; path = AppDelegate.swift; sourceTree = "<group>"; };
		89A31EBD2ABF084F0030EFFC /* SceneDelegate.swift */ = {isa = PBXFileReference; lastKnownFileType = sourcecode.swift; path = SceneDelegate.swift; sourceTree = "<group>"; };
		89A31EBF2ABF084F0030EFFC /* ViewController.swift */ = {isa = PBXFileReference; lastKnownFileType = sourcecode.swift; path = ViewController.swift; sourceTree = "<group>"; };
		89A31EC72ABF08500030EFFC /* Assets.xcassets */ = {isa = PBXFileReference; lastKnownFileType = folder.assetcatalog; path = Assets.xcassets; sourceTree = "<group>"; };
		89A31ECA2ABF08500030EFFC /* Base */ = {isa = PBXFileReference; lastKnownFileType = file.storyboard; name = Base; path = Base.lproj/LaunchScreen.storyboard; sourceTree = "<group>"; };
		89A31ECC2ABF08500030EFFC /* Info.plist */ = {isa = PBXFileReference; lastKnownFileType = text.plist.xml; path = Info.plist; sourceTree = "<group>"; };
		89A31F3D2ABF0FE90030EFFC /* UIColor.swift */ = {isa = PBXFileReference; lastKnownFileType = sourcecode.swift; path = UIColor.swift; sourceTree = "<group>"; };
		89A31F3F2ABF174D0030EFFC /* UIImage+Onboarding.swift */ = {isa = PBXFileReference; lastKnownFileType = sourcecode.swift; path = "UIImage+Onboarding.swift"; sourceTree = "<group>"; };
		89A31F412ABF1A450030EFFC /* UIFont+Manrope.swift */ = {isa = PBXFileReference; lastKnownFileType = sourcecode.swift; path = "UIFont+Manrope.swift"; sourceTree = "<group>"; };
		89A31F472ABF1B8D0030EFFC /* Manrope-Regular.ttf */ = {isa = PBXFileReference; lastKnownFileType = file; path = "Manrope-Regular.ttf"; sourceTree = "<group>"; };
		89A31F4A2ABF1B8D0030EFFC /* Manrope-Bold.ttf */ = {isa = PBXFileReference; lastKnownFileType = file; path = "Manrope-Bold.ttf"; sourceTree = "<group>"; };
		89A31F542ABF26930030EFFC /* UIImage+Icons.swift */ = {isa = PBXFileReference; lastKnownFileType = sourcecode.swift; path = "UIImage+Icons.swift"; sourceTree = "<group>"; };
		89A31F7F2AC306CC0030EFFC /* Podcast.swift */ = {isa = PBXFileReference; lastKnownFileType = sourcecode.swift; path = Podcast.swift; sourceTree = "<group>"; };
		89A31F822AC307290030EFFC /* ViewModel.swift */ = {isa = PBXFileReference; lastKnownFileType = sourcecode.swift; path = ViewModel.swift; sourceTree = "<group>"; };
		89A31F842AC307370030EFFC /* NetworkManager.swift */ = {isa = PBXFileReference; lastKnownFileType = sourcecode.swift; path = NetworkManager.swift; sourceTree = "<group>"; };
		89A31F862AC307EC0030EFFC /* DataManager.swift */ = {isa = PBXFileReference; lastKnownFileType = sourcecode.swift; path = DataManager.swift; sourceTree = "<group>"; };
		89A31F882AC30F760030EFFC /* Item.swift */ = {isa = PBXFileReference; lastKnownFileType = sourcecode.swift; path = Item.swift; sourceTree = "<group>"; };
		C8E4E7E92AC43B7800903385 /* ProfileSetting.swift */ = {isa = PBXFileReference; lastKnownFileType = sourcecode.swift; path = ProfileSetting.swift; sourceTree = "<group>"; };
		C8E4E7EB2AC45CCF00903385 /* ProfileSettingViewController.swift */ = {isa = PBXFileReference; lastKnownFileType = sourcecode.swift; path = ProfileSettingViewController.swift; sourceTree = "<group>"; };
		C8E4E7ED2AC4661600903385 /* SettingsCell.swift */ = {isa = PBXFileReference; lastKnownFileType = sourcecode.swift; path = SettingsCell.swift; sourceTree = "<group>"; };
/* End PBXFileReference section */

/* Begin PBXFrameworksBuildPhase section */
		89A31EB52ABF084F0030EFFC /* Frameworks */ = {
			isa = PBXFrameworksBuildPhase;
			buildActionMask = 2147483647;
			files = (
				89A31F7E2AC200820030EFFC /* Kingfisher in Frameworks */,
				89A31F772AC1663C0030EFFC /* RealmSwift in Frameworks */,
				89A31F752AC1663C0030EFFC /* Realm in Frameworks */,
				89A31F582ABF30610030EFFC /* FirebaseAuth in Frameworks */,
			);
			runOnlyForDeploymentPostprocessing = 0;
		};
/* End PBXFrameworksBuildPhase section */

/* Begin PBXGroup section */
		680984732AC9F21000BC2563 /* Views */ = {
			isa = PBXGroup;
			children = (
				6809845F2AC9EB7B00BC2563 /* HomeView.swift */,
				680984612AC9EBCE00BC2563 /* TitleView.swift */,
				680984712AC9F1DF00BC2563 /* TitleSupplementaryView.swift */,
			);
			path = Views;
			sourceTree = "<group>";
		};
		68BFF5512AC9F28200928023 /* Models */ = {
			isa = PBXGroup;
			children = (
				680984632AC9EC2600BC2563 /* Product.swift */,
				6809846B2AC9EFF900BC2563 /* PodcastType.swift */,
			);
			path = Models;
			sourceTree = "<group>";
		};
		68BFF5522AC9F29700928023 /* Cells */ = {
			isa = PBXGroup;
			children = (
				680984652AC9EE4700BC2563 /* CategoryCell.swift */,
				680984672AC9EE6D00BC2563 /* TableCell.swift */,
				680984692AC9EF5E00BC2563 /* TypeCell.swift */,
			);
			path = Cells;
			sourceTree = "<group>";
		};
		68BFF5532AC9F2B700928023 /* Helpers */ = {
			isa = PBXGroup;
			children = (
				6809846D2AC9F12500BC2563 /* UIColor+Extention.swift */,
				6809846F2AC9F1A100BC2563 /* NSCollection+Extention.swift */,
			);
			path = Helpers;
			sourceTree = "<group>";
		};
		89A31EAF2ABF084F0030EFFC = {
			isa = PBXGroup;
			children = (
				89A31EBA2ABF084F0030EFFC /* Podcasts */,
				89A31EB92ABF084F0030EFFC /* Products */,
			);
			sourceTree = "<group>";
		};
		89A31EB92ABF084F0030EFFC /* Products */ = {
			isa = PBXGroup;
			children = (
				89A31EB82ABF084F0030EFFC /* Podcasts.app */,
			);
			name = Products;
			sourceTree = "<group>";
		};
		89A31EBA2ABF084F0030EFFC /* Podcasts */ = {
			isa = PBXGroup;
			children = (
				89A31F642ABF32F30030EFFC /* Models */,
				89A31F612ABF32710030EFFC /* View+Presenter */,
				89A31F632ABF32C70030EFFC /* Managers */,
				89A31F622ABF32B00030EFFC /* Application */,
				89A31ED22ABF0AC10030EFFC /* Support */,
			);
			path = Podcasts;
			sourceTree = "<group>";
		};
		89A31ED22ABF0AC10030EFFC /* Support */ = {
			isa = PBXGroup;
			children = (
				89A31F3C2ABF0FCC0030EFFC /* Extensions */,
				89A31ED32ABF0ACD0030EFFC /* Fonts */,
				89A31EC72ABF08500030EFFC /* Assets.xcassets */,
				89A31EC92ABF08500030EFFC /* LaunchScreen.storyboard */,
				89A31ECC2ABF08500030EFFC /* Info.plist */,
			);
			path = Support;
			sourceTree = "<group>";
		};
		89A31ED32ABF0ACD0030EFFC /* Fonts */ = {
			isa = PBXGroup;
			children = (
				89A31F432ABF1B8D0030EFFC /* Manrope */,
			);
			path = Fonts;
			sourceTree = "<group>";
		};
		89A31F3C2ABF0FCC0030EFFC /* Extensions */ = {
			isa = PBXGroup;
			children = (
				89A31F3D2ABF0FE90030EFFC /* UIColor.swift */,
				89A31F3F2ABF174D0030EFFC /* UIImage+Onboarding.swift */,
				89A31F542ABF26930030EFFC /* UIImage+Icons.swift */,
				89A31F412ABF1A450030EFFC /* UIFont+Manrope.swift */,
				8909D1DD2AC8884000B3A456 /* Globals.swift */,
			);
			path = Extensions;
			sourceTree = "<group>";
		};
		89A31F432ABF1B8D0030EFFC /* Manrope */ = {
			isa = PBXGroup;
			children = (
				89A31F4A2ABF1B8D0030EFFC /* Manrope-Bold.ttf */,
				89A31F472ABF1B8D0030EFFC /* Manrope-Regular.ttf */,
			);
			path = Manrope;
			sourceTree = "<group>";
		};
		89A31F592ABF31220030EFFC /* Register */ = {
			isa = PBXGroup;
			children = (
				0F15838B2AC6E73C00EF3A45 /* RegisterViewController.swift */,
				0F1583912AC71F7B00EF3A45 /* CompleteAccountViewController.swift */,
			);
			path = Register;
			sourceTree = "<group>";
		};
		89A31F5A2ABF31710030EFFC /* Login */ = {
			isa = PBXGroup;
			children = (
				0F1583892AC4CEC800EF3A45 /* LoginViewController.swift */,
				0F15838D2AC6EB8800EF3A45 /* CustomTextField.swift */,
			);
			path = Login;
			sourceTree = "<group>";
		};
		89A31F5B2ABF31DC0030EFFC /* Onboarding */ = {
			isa = PBXGroup;
			children = (
				372E60102AC415E50078FFB3 /* OnboardingScreens.swift */,
				372E60122AC416750078FFB3 /* OnboardingViewController.swift */,
			);
			path = Onboarding;
			sourceTree = "<group>";
		};
		89A31F5C2ABF31F00030EFFC /* Home */ = {
			isa = PBXGroup;
			children = (
				6809845D2AC9EAC700BC2563 /* HomeViewController.swift */,
				680984732AC9F21000BC2563 /* Views */,
				68BFF5512AC9F28200928023 /* Models */,
				68BFF5522AC9F29700928023 /* Cells */,
				68BFF5532AC9F2B700928023 /* Helpers */,
			);
			path = Home;
			sourceTree = "<group>";
		};
		89A31F5D2ABF31F60030EFFC /* Search */ = {
			isa = PBXGroup;
			children = (
				6DA8BBEF2AC5A749005C64DB /* SearchViewController.swift */,
				6DA8BBF32AC6CD4F005C64DB /* CollectionViewCell.swift */,
				6DA8BBF52AC6F200005C64DB /* ResultViewController.swift */,
				6DA8BBF72AC7130D005C64DB /* TableViewCell.swift */,
			);
			path = Search;
			sourceTree = "<group>";
		};
		89A31F5E2ABF31FC0030EFFC /* Favorite */ = {
			isa = PBXGroup;
			children = (
				8909D1BF2AC8396400B3A456 /* FavoriteViewController.swift */,
				8909D1C12AC8401500B3A456 /* FavoriteTableViewCell.swift */,
				8909D1E12AC9648400B3A456 /* AddPlaylistTableViewCell.swift */,
				8909D1DF2AC951A800B3A456 /* FavoriteCollectionViewCell.swift */,
			);
			path = Favorite;
			sourceTree = "<group>";
		};
		89A31F5F2ABF32160030EFFC /* Settings */ = {
			isa = PBXGroup;
			children = (
				C8E4E7EB2AC45CCF00903385 /* ProfileSettingViewController.swift */,
				C8E4E7E92AC43B7800903385 /* ProfileSetting.swift */,
				C8E4E7ED2AC4661600903385 /* SettingsCell.swift */,
			);
			path = Settings;
			sourceTree = "<group>";
		};
		89A31F602ABF321E0030EFFC /* TabBar */ = {
			isa = PBXGroup;
			children = (
				6DA8BBED2AC57012005C64DB /* CustomTabBarController.swift */,
			);
			path = TabBar;
			sourceTree = "<group>";
		};
		89A31F612ABF32710030EFFC /* View+Presenter */ = {
			isa = PBXGroup;
			children = (
				89A31F782AC167040030EFFC /* Test */,
				89A31F5A2ABF31710030EFFC /* Login */,
				89A31F592ABF31220030EFFC /* Register */,
				89A31F5B2ABF31DC0030EFFC /* Onboarding */,
				89A31F602ABF321E0030EFFC /* TabBar */,
				89A31F5C2ABF31F00030EFFC /* Home */,
				89A31F792AC167EB0030EFFC /* Channel */,
				89A31F7A2AC168090030EFFC /* Player */,
				89A31F5D2ABF31F60030EFFC /* Search */,
				89A31F5E2ABF31FC0030EFFC /* Favorite */,
				89A31F7B2AC168430030EFFC /* Create */,
				89A31F5F2ABF32160030EFFC /* Settings */,
				89A31F662ABF33870030EFFC /* Account */,
				8909D1D72AC8552E00B3A456 /* NavigationViewController.swift */,
			);
			path = "View+Presenter";
			sourceTree = "<group>";
		};
		89A31F622ABF32B00030EFFC /* Application */ = {
			isa = PBXGroup;
			children = (
				89A31EBB2ABF084F0030EFFC /* AppDelegate.swift */,
				89A31EBD2ABF084F0030EFFC /* SceneDelegate.swift */,
			);
			path = Application;
			sourceTree = "<group>";
		};
		89A31F632ABF32C70030EFFC /* Managers */ = {
			isa = PBXGroup;
			children = (
				89A31F842AC307370030EFFC /* NetworkManager.swift */,
				89A31F862AC307EC0030EFFC /* DataManager.swift */,
			);
			path = Managers;
			sourceTree = "<group>";
		};
		89A31F642ABF32F30030EFFC /* Models */ = {
			isa = PBXGroup;
			children = (
				89A31F7F2AC306CC0030EFFC /* Podcast.swift */,
				89934CB22AC49B9D0016B0F0 /* SearchPodcast.swift */,
				89934CB42AC49BDE0016B0F0 /* Feed.swift */,
				89934CB62AC49D4A0016B0F0 /* Episode.swift */,
				89A31F822AC307290030EFFC /* ViewModel.swift */,
				89A31F882AC30F760030EFFC /* Item.swift */,
			);
			path = Models;
			sourceTree = "<group>";
		};
		89A31F662ABF33870030EFFC /* Account */ = {
			isa = PBXGroup;
			children = (
				8932BEF02AC59ACB00FBE9F9 /* AccountViewController.swift */,
				8932BEF22AC5A77F00FBE9F9 /* CustomAccountTextField.swift */,
				8932BEF42AC5C01900FBE9F9 /* CustomButton.swift */,
			);
			path = Account;
			sourceTree = "<group>";
		};
		89A31F782AC167040030EFFC /* Test */ = {
			isa = PBXGroup;
			children = (
				89A31EBF2ABF084F0030EFFC /* ViewController.swift */,
			);
			path = Test;
			sourceTree = "<group>";
		};
		89A31F792AC167EB0030EFFC /* Channel */ = {
			isa = PBXGroup;
			children = (
				8909D1D92AC862DF00B3A456 /* ChannelViewController.swift */,
			);
			path = Channel;
			sourceTree = "<group>";
		};
		89A31F7A2AC168090030EFFC /* Player */ = {
			isa = PBXGroup;
			children = (
				8932BEF62AC6C38800FBE9F9 /* PlayerViewController.swift */,
				8932BEF82AC6C78400FBE9F9 /* CustomPlayerButton.swift */,
				896777902AC709F5003A1BFC /* PlayerCell.swift */,
			);
			path = Player;
			sourceTree = "<group>";
		};
		89A31F7B2AC168430030EFFC /* Create */ = {
			isa = PBXGroup;
			children = (
			);
			path = Create;
			sourceTree = "<group>";
		};
/* End PBXGroup section */

/* Begin PBXNativeTarget section */
		89A31EB72ABF084F0030EFFC /* Podcasts */ = {
			isa = PBXNativeTarget;
			buildConfigurationList = 89A31ECF2ABF08500030EFFC /* Build configuration list for PBXNativeTarget "Podcasts" */;
			buildPhases = (
				89A31EB42ABF084F0030EFFC /* Sources */,
				89A31EB52ABF084F0030EFFC /* Frameworks */,
				89A31EB62ABF084F0030EFFC /* Resources */,
			);
			buildRules = (
			);
			dependencies = (
			);
			name = Podcasts;
			packageProductDependencies = (
				89A31F572ABF30610030EFFC /* FirebaseAuth */,
				89A31F742AC1663C0030EFFC /* Realm */,
				89A31F762AC1663C0030EFFC /* RealmSwift */,
				89A31F7D2AC200820030EFFC /* Kingfisher */,
			);
			productName = Podcasts;
			productReference = 89A31EB82ABF084F0030EFFC /* Podcasts.app */;
			productType = "com.apple.product-type.application";
		};
/* End PBXNativeTarget section */

/* Begin PBXProject section */
		89A31EB02ABF084F0030EFFC /* Project object */ = {
			isa = PBXProject;
			attributes = {
				BuildIndependentTargetsInParallel = 1;
				LastSwiftUpdateCheck = 1430;
				LastUpgradeCheck = 1500;
				TargetAttributes = {
					89A31EB72ABF084F0030EFFC = {
						CreatedOnToolsVersion = 14.3.1;
					};
				};
			};
			buildConfigurationList = 89A31EB32ABF084F0030EFFC /* Build configuration list for PBXProject "Podcasts" */;
			compatibilityVersion = "Xcode 13.0";
			developmentRegion = en;
			hasScannedForEncodings = 0;
			knownRegions = (
				en,
				Base,
			);
			mainGroup = 89A31EAF2ABF084F0030EFFC;
			packageReferences = (
				89A31F562ABF30610030EFFC /* XCRemoteSwiftPackageReference "firebase-ios-sdk" */,
				89A31F732AC1663C0030EFFC /* XCRemoteSwiftPackageReference "realm-swift" */,
				89A31F7C2AC200810030EFFC /* XCRemoteSwiftPackageReference "Kingfisher" */,
			);
			productRefGroup = 89A31EB92ABF084F0030EFFC /* Products */;
			projectDirPath = "";
			projectRoot = "";
			targets = (
				89A31EB72ABF084F0030EFFC /* Podcasts */,
			);
		};
/* End PBXProject section */

/* Begin PBXResourcesBuildPhase section */
		89A31EB62ABF084F0030EFFC /* Resources */ = {
			isa = PBXResourcesBuildPhase;
			buildActionMask = 2147483647;
			files = (
				8909D1D52AC8512900B3A456 /* Manrope-Regular.ttf in Resources */,
				8909D1D62AC8512B00B3A456 /* Manrope-Bold.ttf in Resources */,
				8909D1D42AC8512600B3A456 /* Assets.xcassets in Resources */,
				8909D1D32AC8512400B3A456 /* LaunchScreen.storyboard in Resources */,
			);
			runOnlyForDeploymentPostprocessing = 0;
		};
/* End PBXResourcesBuildPhase section */

/* Begin PBXSourcesBuildPhase section */
		89A31EB42ABF084F0030EFFC /* Sources */ = {
			isa = PBXSourcesBuildPhase;
			buildActionMask = 2147483647;
			files = (
				680984682AC9EE6D00BC2563 /* TableCell.swift in Sources */,
				6DA8BBF62AC6F200005C64DB /* ResultViewController.swift in Sources */,
				372E60112AC415E50078FFB3 /* OnboardingScreens.swift in Sources */,
				8909D1DE2AC8884000B3A456 /* Globals.swift in Sources */,
				6DA8BBF02AC5A749005C64DB /* SearchViewController.swift in Sources */,
				6DA8BBF42AC6CD4F005C64DB /* CollectionViewCell.swift in Sources */,
				896777912AC709F5003A1BFC /* PlayerCell.swift in Sources */,
				372E60112AC415E50078FFB3 /* OnboardingScreens.swift in Sources */,
				0F15838C2AC6E73C00EF3A45 /* RegisterViewController.swift in Sources */,
				8932BEF32AC5A77F00FBE9F9 /* CustomAccountTextField.swift in Sources */,
				89A31EC02ABF084F0030EFFC /* ViewController.swift in Sources */,
				89A31F832AC307290030EFFC /* ViewModel.swift in Sources */,
				89A31F852AC307370030EFFC /* NetworkManager.swift in Sources */,
				89934CB52AC49BDE0016B0F0 /* Feed.swift in Sources */,
				6DA8BBF82AC7130D005C64DB /* TableViewCell.swift in Sources */,
				8909D1D82AC8552E00B3A456 /* NavigationViewController.swift in Sources */,
				89A31EBC2ABF084F0030EFFC /* AppDelegate.swift in Sources */,
				680984702AC9F1A100BC2563 /* NSCollection+Extention.swift in Sources */,
				680984662AC9EE4700BC2563 /* CategoryCell.swift in Sources */,
				6809846C2AC9EFF900BC2563 /* PodcastType.swift in Sources */,
				89A31F892AC30F760030EFFC /* Item.swift in Sources */,
				89A31F422ABF1A450030EFFC /* UIFont+Manrope.swift in Sources */,
				6DA8BBEE2AC57012005C64DB /* CustomTabBarController.swift in Sources */,
				8909D1DA2AC862DF00B3A456 /* ChannelViewController.swift in Sources */,
				8932BEF92AC6C78400FBE9F9 /* CustomPlayerButton.swift in Sources */,
				89A31F402ABF174D0030EFFC /* UIImage+Onboarding.swift in Sources */,
				680984722AC9F1DF00BC2563 /* TitleSupplementaryView.swift in Sources */,
				680984602AC9EB7C00BC2563 /* HomeView.swift in Sources */,
				89A31EBE2ABF084F0030EFFC /* SceneDelegate.swift in Sources */,
				6809845E2AC9EAC700BC2563 /* HomeViewController.swift in Sources */,
				89A31F3E2ABF0FE90030EFFC /* UIColor.swift in Sources */,
				6809846E2AC9F12500BC2563 /* UIColor+Extention.swift in Sources */,
				6809846A2AC9EF5E00BC2563 /* TypeCell.swift in Sources */,
				C8E4E7EE2AC4661600903385 /* SettingsCell.swift in Sources */,
				89A31EBE2ABF084F0030EFFC /* SceneDelegate.swift in Sources */,
				89934CB32AC49B9D0016B0F0 /* SearchPodcast.swift in Sources */,
				89A31F3E2ABF0FE90030EFFC /* UIColor.swift in Sources */,
				89A31F872AC307EC0030EFFC /* DataManager.swift in Sources */,
				89A31F802AC306CC0030EFFC /* Podcast.swift in Sources */,
				89934CB72AC49D4A0016B0F0 /* Episode.swift in Sources */,
				8932BEF12AC59ACB00FBE9F9 /* AccountViewController.swift in Sources */,
				8909D1C02AC8396400B3A456 /* FavoriteViewController.swift in Sources */,
				8909D1C22AC8401500B3A456 /* FavoriteTableViewCell.swift in Sources */,
				8932BEF52AC5C01900FBE9F9 /* CustomButton.swift in Sources */,
				8909D1E02AC951A800B3A456 /* FavoriteCollectionViewCell.swift in Sources */,
				89A31F3E2ABF0FE90030EFFC /* UIColor.swift in Sources */,
				0F15838E2AC6EB8900EF3A45 /* CustomTextField.swift in Sources */,
				0F1583922AC71F7B00EF3A45 /* CompleteAccountViewController.swift in Sources */,
				C8E4E7EC2AC45CCF00903385 /* ProfileSettingViewController.swift in Sources */,
				C8E4E7EA2AC43B7800903385 /* ProfileSetting.swift in Sources */,
				8909D1E22AC9648400B3A456 /* AddPlaylistTableViewCell.swift in Sources */,
				372E60132AC416750078FFB3 /* OnboardingViewController.swift in Sources */,
				0F15838A2AC4CEC800EF3A45 /* LoginViewController.swift in Sources */,
				89A31F552ABF26930030EFFC /* UIImage+Icons.swift in Sources */,
				680984622AC9EBCE00BC2563 /* TitleView.swift in Sources */,
				680984642AC9EC2600BC2563 /* Product.swift in Sources */,
				8932BEF72AC6C38800FBE9F9 /* PlayerViewController.swift in Sources */,
			);
			runOnlyForDeploymentPostprocessing = 0;
		};
/* End PBXSourcesBuildPhase section */

/* Begin PBXVariantGroup section */
		89A31EC92ABF08500030EFFC /* LaunchScreen.storyboard */ = {
			isa = PBXVariantGroup;
			children = (
				89A31ECA2ABF08500030EFFC /* Base */,
			);
			name = LaunchScreen.storyboard;
			sourceTree = "<group>";
		};
/* End PBXVariantGroup section */

/* Begin XCBuildConfiguration section */
		89A31ECD2ABF08500030EFFC /* Debug */ = {
			isa = XCBuildConfiguration;
			buildSettings = {
				ALWAYS_SEARCH_USER_PATHS = NO;
				CLANG_ANALYZER_NONNULL = YES;
				CLANG_ANALYZER_NUMBER_OBJECT_CONVERSION = YES_AGGRESSIVE;
				CLANG_CXX_LANGUAGE_STANDARD = "gnu++20";
				CLANG_ENABLE_MODULES = YES;
				CLANG_ENABLE_OBJC_ARC = YES;
				CLANG_ENABLE_OBJC_WEAK = YES;
				CLANG_WARN_BLOCK_CAPTURE_AUTORELEASING = YES;
				CLANG_WARN_BOOL_CONVERSION = YES;
				CLANG_WARN_COMMA = YES;
				CLANG_WARN_CONSTANT_CONVERSION = YES;
				CLANG_WARN_DEPRECATED_OBJC_IMPLEMENTATIONS = YES;
				CLANG_WARN_DIRECT_OBJC_ISA_USAGE = YES_ERROR;
				CLANG_WARN_DOCUMENTATION_COMMENTS = YES;
				CLANG_WARN_EMPTY_BODY = YES;
				CLANG_WARN_ENUM_CONVERSION = YES;
				CLANG_WARN_INFINITE_RECURSION = YES;
				CLANG_WARN_INT_CONVERSION = YES;
				CLANG_WARN_NON_LITERAL_NULL_CONVERSION = YES;
				CLANG_WARN_OBJC_IMPLICIT_RETAIN_SELF = YES;
				CLANG_WARN_OBJC_LITERAL_CONVERSION = YES;
				CLANG_WARN_OBJC_ROOT_CLASS = YES_ERROR;
				CLANG_WARN_QUOTED_INCLUDE_IN_FRAMEWORK_HEADER = YES;
				CLANG_WARN_RANGE_LOOP_ANALYSIS = YES;
				CLANG_WARN_STRICT_PROTOTYPES = YES;
				CLANG_WARN_SUSPICIOUS_MOVE = YES;
				CLANG_WARN_UNGUARDED_AVAILABILITY = YES_AGGRESSIVE;
				CLANG_WARN_UNREACHABLE_CODE = YES;
				CLANG_WARN__DUPLICATE_METHOD_MATCH = YES;
				COPY_PHASE_STRIP = NO;
				DEBUG_INFORMATION_FORMAT = dwarf;
				ENABLE_STRICT_OBJC_MSGSEND = YES;
				ENABLE_TESTABILITY = YES;
				ENABLE_USER_SCRIPT_SANDBOXING = YES;
				GCC_C_LANGUAGE_STANDARD = gnu11;
				GCC_DYNAMIC_NO_PIC = NO;
				GCC_NO_COMMON_BLOCKS = YES;
				GCC_OPTIMIZATION_LEVEL = 0;
				GCC_PREPROCESSOR_DEFINITIONS = (
					"DEBUG=1",
					"$(inherited)",
				);
				GCC_WARN_64_TO_32_BIT_CONVERSION = YES;
				GCC_WARN_ABOUT_RETURN_TYPE = YES_ERROR;
				GCC_WARN_UNDECLARED_SELECTOR = YES;
				GCC_WARN_UNINITIALIZED_AUTOS = YES_AGGRESSIVE;
				GCC_WARN_UNUSED_FUNCTION = YES;
				GCC_WARN_UNUSED_VARIABLE = YES;
				IPHONEOS_DEPLOYMENT_TARGET = 15.0;
				MTL_ENABLE_DEBUG_INFO = INCLUDE_SOURCE;
				MTL_FAST_MATH = YES;
				ONLY_ACTIVE_ARCH = YES;
				SDKROOT = iphoneos;
				SWIFT_ACTIVE_COMPILATION_CONDITIONS = DEBUG;
				SWIFT_OPTIMIZATION_LEVEL = "-Onone";
			};
			name = Debug;
		};
		89A31ECE2ABF08500030EFFC /* Release */ = {
			isa = XCBuildConfiguration;
			buildSettings = {
				ALWAYS_SEARCH_USER_PATHS = NO;
				CLANG_ANALYZER_NONNULL = YES;
				CLANG_ANALYZER_NUMBER_OBJECT_CONVERSION = YES_AGGRESSIVE;
				CLANG_CXX_LANGUAGE_STANDARD = "gnu++20";
				CLANG_ENABLE_MODULES = YES;
				CLANG_ENABLE_OBJC_ARC = YES;
				CLANG_ENABLE_OBJC_WEAK = YES;
				CLANG_WARN_BLOCK_CAPTURE_AUTORELEASING = YES;
				CLANG_WARN_BOOL_CONVERSION = YES;
				CLANG_WARN_COMMA = YES;
				CLANG_WARN_CONSTANT_CONVERSION = YES;
				CLANG_WARN_DEPRECATED_OBJC_IMPLEMENTATIONS = YES;
				CLANG_WARN_DIRECT_OBJC_ISA_USAGE = YES_ERROR;
				CLANG_WARN_DOCUMENTATION_COMMENTS = YES;
				CLANG_WARN_EMPTY_BODY = YES;
				CLANG_WARN_ENUM_CONVERSION = YES;
				CLANG_WARN_INFINITE_RECURSION = YES;
				CLANG_WARN_INT_CONVERSION = YES;
				CLANG_WARN_NON_LITERAL_NULL_CONVERSION = YES;
				CLANG_WARN_OBJC_IMPLICIT_RETAIN_SELF = YES;
				CLANG_WARN_OBJC_LITERAL_CONVERSION = YES;
				CLANG_WARN_OBJC_ROOT_CLASS = YES_ERROR;
				CLANG_WARN_QUOTED_INCLUDE_IN_FRAMEWORK_HEADER = YES;
				CLANG_WARN_RANGE_LOOP_ANALYSIS = YES;
				CLANG_WARN_STRICT_PROTOTYPES = YES;
				CLANG_WARN_SUSPICIOUS_MOVE = YES;
				CLANG_WARN_UNGUARDED_AVAILABILITY = YES_AGGRESSIVE;
				CLANG_WARN_UNREACHABLE_CODE = YES;
				CLANG_WARN__DUPLICATE_METHOD_MATCH = YES;
				COPY_PHASE_STRIP = NO;
				DEBUG_INFORMATION_FORMAT = "dwarf-with-dsym";
				ENABLE_NS_ASSERTIONS = NO;
				ENABLE_STRICT_OBJC_MSGSEND = YES;
				ENABLE_USER_SCRIPT_SANDBOXING = YES;
				GCC_C_LANGUAGE_STANDARD = gnu11;
				GCC_NO_COMMON_BLOCKS = YES;
				GCC_WARN_64_TO_32_BIT_CONVERSION = YES;
				GCC_WARN_ABOUT_RETURN_TYPE = YES_ERROR;
				GCC_WARN_UNDECLARED_SELECTOR = YES;
				GCC_WARN_UNINITIALIZED_AUTOS = YES_AGGRESSIVE;
				GCC_WARN_UNUSED_FUNCTION = YES;
				GCC_WARN_UNUSED_VARIABLE = YES;
				IPHONEOS_DEPLOYMENT_TARGET = 15.0;
				MTL_ENABLE_DEBUG_INFO = NO;
				MTL_FAST_MATH = YES;
				SDKROOT = iphoneos;
				SWIFT_COMPILATION_MODE = wholemodule;
				SWIFT_OPTIMIZATION_LEVEL = "-O";
				VALIDATE_PRODUCT = YES;
			};
			name = Release;
		};
		89A31ED02ABF08500030EFFC /* Debug */ = {
			isa = XCBuildConfiguration;
			buildSettings = {
				ASSETCATALOG_COMPILER_APPICON_NAME = AppIcon;
				ASSETCATALOG_COMPILER_GLOBAL_ACCENT_COLOR_NAME = AccentColor;
				CODE_SIGN_STYLE = Automatic;
				CURRENT_PROJECT_VERSION = 1;
				DEVELOPMENT_TEAM = WV9SZ4237Z;
				GENERATE_INFOPLIST_FILE = YES;
				INFOPLIST_FILE = Podcasts/Support/Info.plist;
				INFOPLIST_KEY_UIApplicationSupportsIndirectInputEvents = YES;
				INFOPLIST_KEY_UILaunchStoryboardName = LaunchScreen;
				INFOPLIST_KEY_UISupportedInterfaceOrientations = UIInterfaceOrientationPortrait;
				INFOPLIST_KEY_UISupportedInterfaceOrientations_iPad = "UIInterfaceOrientationLandscapeLeft UIInterfaceOrientationLandscapeRight UIInterfaceOrientationPortrait UIInterfaceOrientationPortraitUpsideDown";
				IPHONEOS_DEPLOYMENT_TARGET = 15.0;
				LD_RUNPATH_SEARCH_PATHS = (
					"$(inherited)",
					"@executable_path/Frameworks",
				);
				MARKETING_VERSION = 1.0;
				PRODUCT_BUNDLE_IDENTIFIER = MaxGoryachkin.Podcasts;
				PRODUCT_NAME = "$(TARGET_NAME)";
				SUPPORTED_PLATFORMS = "iphoneos iphonesimulator";
				SUPPORTS_MACCATALYST = NO;
				SUPPORTS_MAC_DESIGNED_FOR_IPHONE_IPAD = NO;
				SWIFT_EMIT_LOC_STRINGS = YES;
				SWIFT_VERSION = 5.0;
				TARGETED_DEVICE_FAMILY = 1;
			};
			name = Debug;
		};
		89A31ED12ABF08500030EFFC /* Release */ = {
			isa = XCBuildConfiguration;
			buildSettings = {
				ASSETCATALOG_COMPILER_APPICON_NAME = AppIcon;
				ASSETCATALOG_COMPILER_GLOBAL_ACCENT_COLOR_NAME = AccentColor;
				CODE_SIGN_STYLE = Automatic;
				CURRENT_PROJECT_VERSION = 1;
				DEVELOPMENT_TEAM = WV9SZ4237Z;
				GENERATE_INFOPLIST_FILE = YES;
				INFOPLIST_FILE = Podcasts/Support/Info.plist;
				INFOPLIST_KEY_UIApplicationSupportsIndirectInputEvents = YES;
				INFOPLIST_KEY_UILaunchStoryboardName = LaunchScreen;
				INFOPLIST_KEY_UISupportedInterfaceOrientations = UIInterfaceOrientationPortrait;
				INFOPLIST_KEY_UISupportedInterfaceOrientations_iPad = "UIInterfaceOrientationLandscapeLeft UIInterfaceOrientationLandscapeRight UIInterfaceOrientationPortrait UIInterfaceOrientationPortraitUpsideDown";
				IPHONEOS_DEPLOYMENT_TARGET = 15.0;
				LD_RUNPATH_SEARCH_PATHS = (
					"$(inherited)",
					"@executable_path/Frameworks",
				);
				MARKETING_VERSION = 1.0;
				PRODUCT_BUNDLE_IDENTIFIER = MaxGoryachkin.Podcasts;
				PRODUCT_NAME = "$(TARGET_NAME)";
				SUPPORTED_PLATFORMS = "iphoneos iphonesimulator";
				SUPPORTS_MACCATALYST = NO;
				SUPPORTS_MAC_DESIGNED_FOR_IPHONE_IPAD = NO;
				SWIFT_EMIT_LOC_STRINGS = YES;
				SWIFT_VERSION = 5.0;
				TARGETED_DEVICE_FAMILY = 1;
			};
			name = Release;
		};
/* End XCBuildConfiguration section */

/* Begin XCConfigurationList section */
		89A31EB32ABF084F0030EFFC /* Build configuration list for PBXProject "Podcasts" */ = {
			isa = XCConfigurationList;
			buildConfigurations = (
				89A31ECD2ABF08500030EFFC /* Debug */,
				89A31ECE2ABF08500030EFFC /* Release */,
			);
			defaultConfigurationIsVisible = 0;
			defaultConfigurationName = Release;
		};
		89A31ECF2ABF08500030EFFC /* Build configuration list for PBXNativeTarget "Podcasts" */ = {
			isa = XCConfigurationList;
			buildConfigurations = (
				89A31ED02ABF08500030EFFC /* Debug */,
				89A31ED12ABF08500030EFFC /* Release */,
			);
			defaultConfigurationIsVisible = 0;
			defaultConfigurationName = Release;
		};
/* End XCConfigurationList section */

/* Begin XCRemoteSwiftPackageReference section */
		89A31F562ABF30610030EFFC /* XCRemoteSwiftPackageReference "firebase-ios-sdk" */ = {
			isa = XCRemoteSwiftPackageReference;
			repositoryURL = "https://github.com/firebase/firebase-ios-sdk";
			requirement = {
				kind = upToNextMajorVersion;
				minimumVersion = 10.0.0;
			};
		};
		89A31F732AC1663C0030EFFC /* XCRemoteSwiftPackageReference "realm-swift" */ = {
			isa = XCRemoteSwiftPackageReference;
			repositoryURL = "https://github.com/realm/realm-swift.git";
			requirement = {
				branch = master;
				kind = branch;
			};
		};
		89A31F7C2AC200810030EFFC /* XCRemoteSwiftPackageReference "Kingfisher" */ = {
			isa = XCRemoteSwiftPackageReference;
			repositoryURL = "https://github.com/onevcat/Kingfisher";
			requirement = {
				kind = upToNextMajorVersion;
				minimumVersion = 7.0.0;
			};
		};
/* End XCRemoteSwiftPackageReference section */

/* Begin XCSwiftPackageProductDependency section */
		89A31F572ABF30610030EFFC /* FirebaseAuth */ = {
			isa = XCSwiftPackageProductDependency;
			package = 89A31F562ABF30610030EFFC /* XCRemoteSwiftPackageReference "firebase-ios-sdk" */;
			productName = FirebaseAuth;
		};
		89A31F742AC1663C0030EFFC /* Realm */ = {
			isa = XCSwiftPackageProductDependency;
			package = 89A31F732AC1663C0030EFFC /* XCRemoteSwiftPackageReference "realm-swift" */;
			productName = Realm;
		};
		89A31F762AC1663C0030EFFC /* RealmSwift */ = {
			isa = XCSwiftPackageProductDependency;
			package = 89A31F732AC1663C0030EFFC /* XCRemoteSwiftPackageReference "realm-swift" */;
			productName = RealmSwift;
		};
		89A31F7D2AC200820030EFFC /* Kingfisher */ = {
			isa = XCSwiftPackageProductDependency;
			package = 89A31F7C2AC200810030EFFC /* XCRemoteSwiftPackageReference "Kingfisher" */;
			productName = Kingfisher;
		};
/* End XCSwiftPackageProductDependency section */
	};
	rootObject = 89A31EB02ABF084F0030EFFC /* Project object */;
}
